
Microsoft Visual Studio Solution File, Format Version 12.00
# Visual Studio 15
VisualStudioVersion = 15.0.28010.2046
MinimumVisualStudioVersion = 10.0.40219.1
Project("{FAE04EC0-301F-11D3-BF4B-00C04F79EFBC}") = "OSLCConsumer", "OSLCConsumer\OSLCConsumer.csproj", "{1EC9303D-074E-49AB-B2F2-B6D3E7D47ECD}"
EndProject
Project("{FAE04EC0-301F-11D3-BF4B-00C04F79EFBC}") = "JazzOSLCManager", "ClassLibrary1\JazzOSLCManager.csproj", "{56ABC6C8-F7BA-491C-8C67-DE0DD32C62AB}"
EndProject
Project("{FAE04EC0-301F-11D3-BF4B-00C04F79EFBC}") = "TestApp", "TestApp\TestApp.csproj", "{316CA895-F7E8-45E2-8F41-CD07866DB0DE}"
EndProject
Project("{FAE04EC0-301F-11D3-BF4B-00C04F79EFBC}") = "JazzOSLCReqManager", "JazzOSLCReqManager\JazzOSLCReqManager.csproj", "{1CF2D62B-4396-44EE-B094-18E9BEDC77F1}"
EndProject
Global
	GlobalSection(SolutionConfigurationPlatforms) = preSolution
		Debug|Any CPU = Debug|Any CPU
		Release|Any CPU = Release|Any CPU
	EndGlobalSection
	GlobalSection(ProjectConfigurationPlatforms) = postSolution
		{1EC9303D-074E-49AB-B2F2-B6D3E7D47ECD}.Debug|Any CPU.ActiveCfg = Debug|Any CPU
		{1EC9303D-074E-49AB-B2F2-B6D3E7D47ECD}.Debug|Any CPU.Build.0 = Debug|Any CPU
		{1EC9303D-074E-49AB-B2F2-B6D3E7D47ECD}.Release|Any CPU.ActiveCfg = Release|Any CPU
		{1EC9303D-074E-49AB-B2F2-B6D3E7D47ECD}.Release|Any CPU.Build.0 = Release|Any CPU
		{56ABC6C8-F7BA-491C-8C67-DE0DD32C62AB}.Debug|Any CPU.ActiveCfg = Debug|Any CPU
		{56ABC6C8-F7BA-491C-8C67-DE0DD32C62AB}.Debug|Any CPU.Build.0 = Debug|Any CPU
		{56ABC6C8-F7BA-491C-8C67-DE0DD32C62AB}.Release|Any CPU.ActiveCfg = Release|Any CPU
		{56ABC6C8-F7BA-491C-8C67-DE0DD32C62AB}.Release|Any CPU.Build.0 = Release|Any CPU
		{316CA895-F7E8-45E2-8F41-CD07866DB0DE}.Debug|Any CPU.ActiveCfg = Debug|Any CPU
		{316CA895-F7E8-45E2-8F41-CD07866DB0DE}.Debug|Any CPU.Build.0 = Debug|Any CPU
		{316CA895-F7E8-45E2-8F41-CD07866DB0DE}.Release|Any CPU.ActiveCfg = Release|Any CPU
		{316CA895-F7E8-45E2-8F41-CD07866DB0DE}.Release|Any CPU.Build.0 = Release|Any CPU
		{1CF2D62B-4396-44EE-B094-18E9BEDC77F1}.Debug|Any CPU.ActiveCfg = Debug|Any CPU
		{1CF2D62B-4396-44EE-B094-18E9BEDC77F1}.Debug|Any CPU.Build.0 = Debug|Any CPU
		{1CF2D62B-4396-44EE-B094-18E9BEDC77F1}.Release|Any CPU.ActiveCfg = Release|Any CPU
		{1CF2D62B-4396-44EE-B094-18E9BEDC77F1}.Release|Any CPU.Build.0 = Release|Any CPU
	EndGlobalSection
	GlobalSection(SolutionProperties) = preSolution
		HideSolutionNode = FALSE
	EndGlobalSection
	GlobalSection(ExtensibilityGlobals) = postSolution
		SolutionGuid = {EDB56686-288A-4B17-AA7B-7BA4DF317BBF}
	EndGlobalSection
EndGlobal
